
Microsoft Visual Studio Solution File, Format Version 12.00
# Visual Studio Version 17
VisualStudioVersion = 17.4.33213.308
MinimumVisualStudioVersion = 10.0.40219.1
Project("{9A19103F-16F7-4668-BE54-9A1E7A4F7556}") = "RugbyPlayerSystem.API", "RugbyPlayerSystem.API\RugbyPlayerSystem.API.csproj", "{02842C89-D4E0-41FF-A050-62A8EB20669E}"
EndProject
Project("{9A19103F-16F7-4668-BE54-9A1E7A4F7556}") = "RugbyPlayerSystem.Models", "RugbyPlayerSystem.Models\RugbyPlayerSystem.Models.csproj", "{8969A9D8-E99C-4472-BCA2-831489AEC6C0}"
EndProject
Project("{FAE04EC0-301F-11D3-BF4B-00C04F79EFBC}") = "RugbyPlayerSystem.Test", "RugbyPlayerSystem.Test\RugbyPlayerSystem.Test.csproj", "{8D79B669-D87E-4C8C-A532-00CAEF2D6270}"
EndProject
Global
	GlobalSection(SolutionConfigurationPlatforms) = preSolution
		Debug|Any CPU = Debug|Any CPU
		Release|Any CPU = Release|Any CPU
	EndGlobalSection
	GlobalSection(ProjectConfigurationPlatforms) = postSolution
		{02842C89-D4E0-41FF-A050-62A8EB20669E}.Debug|Any CPU.ActiveCfg = Debug|Any CPU
		{02842C89-D4E0-41FF-A050-62A8EB20669E}.Debug|Any CPU.Build.0 = Debug|Any CPU
		{02842C89-D4E0-41FF-A050-62A8EB20669E}.Release|Any CPU.ActiveCfg = Release|Any CPU
		{02842C89-D4E0-41FF-A050-62A8EB20669E}.Release|Any CPU.Build.0 = Release|Any CPU
		{8969A9D8-E99C-4472-BCA2-831489AEC6C0}.Debug|Any CPU.ActiveCfg = Debug|Any CPU
		{8969A9D8-E99C-4472-BCA2-831489AEC6C0}.Debug|Any CPU.Build.0 = Debug|Any CPU
		{8969A9D8-E99C-4472-BCA2-831489AEC6C0}.Release|Any CPU.ActiveCfg = Release|Any CPU
		{8969A9D8-E99C-4472-BCA2-831489AEC6C0}.Release|Any CPU.Build.0 = Release|Any CPU
		{8D79B669-D87E-4C8C-A532-00CAEF2D6270}.Debug|Any CPU.ActiveCfg = Debug|Any CPU
		{8D79B669-D87E-4C8C-A532-00CAEF2D6270}.Debug|Any CPU.Build.0 = Debug|Any CPU
		{8D79B669-D87E-4C8C-A532-00CAEF2D6270}.Release|Any CPU.ActiveCfg = Release|Any CPU
		{8D79B669-D87E-4C8C-A532-00CAEF2D6270}.Release|Any CPU.Build.0 = Release|Any CPU
	EndGlobalSection
	GlobalSection(SolutionProperties) = preSolution
		HideSolutionNode = FALSE
	EndGlobalSection
	GlobalSection(ExtensibilityGlobals) = postSolution
		SolutionGuid = {2A7CB827-FA7E-442E-B327-F3B16F8BAD89}
	EndGlobalSection
EndGlobal
